// !$*UTF8*$!
{
	archiveVersion = 1;
	classes = {
	};
	objectVersion = 46;
	objects = {

/* Begin PBXBuildFile section */
		1B1A376A194BFD0500C9F9EC /* Parse.framework in Frameworks */ = {isa = PBXBuildFile; fileRef = 1B1A3769194BFD0500C9F9EC /* Parse.framework */; };
		1B1A376D194BFD6E00C9F9EC /* TTHRTapButton.m in Sources */ = {isa = PBXBuildFile; fileRef = 1B1A376C194BFD6E00C9F9EC /* TTHRTapButton.m */; };
		1B1B75D91947F18600C7FAC3 /* Foundation.framework in Frameworks */ = {isa = PBXBuildFile; fileRef = 1BDA8EAB19479FFC006718B5 /* Foundation.framework */; };
		1BC002511947DC810040E828 /* ZHHHandyFunctions.m in Sources */ = {isa = PBXBuildFile; fileRef = 1BC002501947DC810040E828 /* ZHHHandyFunctions.m */; };
		1BC002561947DD4A0040E828 /* TTHRParseDevice.m in Sources */ = {isa = PBXBuildFile; fileRef = 1BC002551947DD4A0040E828 /* TTHRParseDevice.m */; };
		1BC002611947DFCA0040E828 /* UIApplication+AppVersion.m in Sources */ = {isa = PBXBuildFile; fileRef = 1BC0025E1947DFCA0040E828 /* UIApplication+AppVersion.m */; };
		1BC002621947DFCA0040E828 /* UIDevice-Hardware.m in Sources */ = {isa = PBXBuildFile; fileRef = 1BC002601947DFCA0040E828 /* UIDevice-Hardware.m */; };
		1BDA8EAE19479FFC006718B5 /* CoreGraphics.framework in Frameworks */ = {isa = PBXBuildFile; fileRef = 1BDA8EAD19479FFC006718B5 /* CoreGraphics.framework */; };
		1BDA8EB019479FFC006718B5 /* UIKit.framework in Frameworks */ = {isa = PBXBuildFile; fileRef = 1BDA8EAF19479FFC006718B5 /* UIKit.framework */; };
		1BDA8EB619479FFC006718B5 /* InfoPlist.strings in Resources */ = {isa = PBXBuildFile; fileRef = 1BDA8EB419479FFC006718B5 /* InfoPlist.strings */; };
		1BDA8EB819479FFC006718B5 /* main.m in Sources */ = {isa = PBXBuildFile; fileRef = 1BDA8EB719479FFC006718B5 /* main.m */; };
		1BDA8EBC19479FFC006718B5 /* TTHRAppDelegate.m in Sources */ = {isa = PBXBuildFile; fileRef = 1BDA8EBB19479FFC006718B5 /* TTHRAppDelegate.m */; };
		1BDA8EBE19479FFC006718B5 /* Images.xcassets in Resources */ = {isa = PBXBuildFile; fileRef = 1BDA8EBD19479FFC006718B5 /* Images.xcassets */; };
		1BDA8EC519479FFC006718B5 /* XCTest.framework in Frameworks */ = {isa = PBXBuildFile; fileRef = 1BDA8EC419479FFC006718B5 /* XCTest.framework */; };
		1BDA8EC619479FFC006718B5 /* Foundation.framework in Frameworks */ = {isa = PBXBuildFile; fileRef = 1BDA8EAB19479FFC006718B5 /* Foundation.framework */; };
		1BDA8EC719479FFC006718B5 /* UIKit.framework in Frameworks */ = {isa = PBXBuildFile; fileRef = 1BDA8EAF19479FFC006718B5 /* UIKit.framework */; };
		1BDA8ECF19479FFC006718B5 /* InfoPlist.strings in Resources */ = {isa = PBXBuildFile; fileRef = 1BDA8ECD19479FFC006718B5 /* InfoPlist.strings */; };
		1BDA8ED119479FFC006718B5 /* Taptap_Heart_RateTests.m in Sources */ = {isa = PBXBuildFile; fileRef = 1BDA8ED019479FFC006718B5 /* Taptap_Heart_RateTests.m */; };
		1BDA8EDC1947A063006718B5 /* TTHRMainViewController.m in Sources */ = {isa = PBXBuildFile; fileRef = 1BDA8EDB1947A063006718B5 /* TTHRMainViewController.m */; };
		1BDA8EDE1947BE7E006718B5 /* AudioToolbox.framework in Frameworks */ = {isa = PBXBuildFile; fileRef = 1BDA8EDD1947BE7E006718B5 /* AudioToolbox.framework */; };
		1BDA8EE01947BE84006718B5 /* CFNetwork.framework in Frameworks */ = {isa = PBXBuildFile; fileRef = 1BDA8EDF1947BE84006718B5 /* CFNetwork.framework */; };
		1BDA8EE21947BE8F006718B5 /* CoreLocation.framework in Frameworks */ = {isa = PBXBuildFile; fileRef = 1BDA8EE11947BE8F006718B5 /* CoreLocation.framework */; };
		1BDA8EE41947BE98006718B5 /* libz.dylib in Frameworks */ = {isa = PBXBuildFile; fileRef = 1BDA8EE31947BE98006718B5 /* libz.dylib */; };
		1BDA8EE61947BE9E006718B5 /* MobileCoreServices.framework in Frameworks */ = {isa = PBXBuildFile; fileRef = 1BDA8EE51947BE9E006718B5 /* MobileCoreServices.framework */; };
		1BDA8EE81947BEA2006718B5 /* QuartzCore.framework in Frameworks */ = {isa = PBXBuildFile; fileRef = 1BDA8EE71947BEA2006718B5 /* QuartzCore.framework */; };
		1BDA8EEA1947BEA7006718B5 /* Security.framework in Frameworks */ = {isa = PBXBuildFile; fileRef = 1BDA8EE91947BEA7006718B5 /* Security.framework */; };
		1BDA8EEC1947BEAC006718B5 /* StoreKit.framework in Frameworks */ = {isa = PBXBuildFile; fileRef = 1BDA8EEB1947BEAC006718B5 /* StoreKit.framework */; };
		1BDA8EEE1947BEB4006718B5 /* SystemConfiguration.framework in Frameworks */ = {isa = PBXBuildFile; fileRef = 1BDA8EED1947BEB4006718B5 /* SystemConfiguration.framework */; };
/* End PBXBuildFile section */

/* Begin PBXContainerItemProxy section */
		1BDA8EC819479FFC006718B5 /* PBXContainerItemProxy */ = {
			isa = PBXContainerItemProxy;
			containerPortal = 1BDA8EA019479FFC006718B5 /* Project object */;
			proxyType = 1;
			remoteGlobalIDString = 1BDA8EA719479FFC006718B5;
			remoteInfo = "Taptap Heart Rate";
		};
/* End PBXContainerItemProxy section */

/* Begin PBXFileReference section */
		1B1A3769194BFD0500C9F9EC /* Parse.framework */ = {isa = PBXFileReference; lastKnownFileType = wrapper.framework; path = Parse.framework; sourceTree = "<group>"; };
		1B1A376B194BFD6E00C9F9EC /* TTHRTapButton.h */ = {isa = PBXFileReference; fileEncoding = 4; lastKnownFileType = sourcecode.c.h; name = TTHRTapButton.h; path = Views/TTHRTapButton.h; sourceTree = "<group>"; };
		1B1A376C194BFD6E00C9F9EC /* TTHRTapButton.m */ = {isa = PBXFileReference; fileEncoding = 4; lastKnownFileType = sourcecode.c.objc; name = TTHRTapButton.m; path = Views/TTHRTapButton.m; sourceTree = "<group>"; };
		1BC0024F1947DC810040E828 /* ZHHHandyFunctions.h */ = {isa = PBXFileReference; fileEncoding = 4; lastKnownFileType = sourcecode.c.h; path = ZHHHandyFunctions.h; sourceTree = "<group>"; };
		1BC002501947DC810040E828 /* ZHHHandyFunctions.m */ = {isa = PBXFileReference; fileEncoding = 4; lastKnownFileType = sourcecode.c.objc; path = ZHHHandyFunctions.m; sourceTree = "<group>"; };
		1BC002541947DD4A0040E828 /* TTHRParseDevice.h */ = {isa = PBXFileReference; fileEncoding = 4; lastKnownFileType = sourcecode.c.h; name = TTHRParseDevice.h; path = "Taptap Heart Rate/Others/TTHRParseDevice.h"; sourceTree = "<group>"; };
		1BC002551947DD4A0040E828 /* TTHRParseDevice.m */ = {isa = PBXFileReference; fileEncoding = 4; lastKnownFileType = sourcecode.c.objc; name = TTHRParseDevice.m; path = "Taptap Heart Rate/Others/TTHRParseDevice.m"; sourceTree = "<group>"; };
		1BC0025D1947DFCA0040E828 /* UIApplication+AppVersion.h */ = {isa = PBXFileReference; fileEncoding = 4; lastKnownFileType = sourcecode.c.h; path = "UIApplication+AppVersion.h"; sourceTree = "<group>"; };
		1BC0025E1947DFCA0040E828 /* UIApplication+AppVersion.m */ = {isa = PBXFileReference; fileEncoding = 4; lastKnownFileType = sourcecode.c.objc; path = "UIApplication+AppVersion.m"; sourceTree = "<group>"; };
		1BC0025F1947DFCA0040E828 /* UIDevice-Hardware.h */ = {isa = PBXFileReference; fileEncoding = 4; lastKnownFileType = sourcecode.c.h; path = "UIDevice-Hardware.h"; sourceTree = "<group>"; };
		1BC002601947DFCA0040E828 /* UIDevice-Hardware.m */ = {isa = PBXFileReference; fileEncoding = 4; lastKnownFileType = sourcecode.c.objc; path = "UIDevice-Hardware.m"; sourceTree = "<group>"; };
		1BDA8EA819479FFC006718B5 /* Taptap Heart Rate.app */ = {isa = PBXFileReference; explicitFileType = wrapper.application; includeInIndex = 0; path = "Taptap Heart Rate.app"; sourceTree = BUILT_PRODUCTS_DIR; };
		1BDA8EAB19479FFC006718B5 /* Foundation.framework */ = {isa = PBXFileReference; lastKnownFileType = wrapper.framework; name = Foundation.framework; path = System/Library/Frameworks/Foundation.framework; sourceTree = SDKROOT; };
		1BDA8EAD19479FFC006718B5 /* CoreGraphics.framework */ = {isa = PBXFileReference; lastKnownFileType = wrapper.framework; name = CoreGraphics.framework; path = System/Library/Frameworks/CoreGraphics.framework; sourceTree = SDKROOT; };
		1BDA8EAF19479FFC006718B5 /* UIKit.framework */ = {isa = PBXFileReference; lastKnownFileType = wrapper.framework; name = UIKit.framework; path = System/Library/Frameworks/UIKit.framework; sourceTree = SDKROOT; };
		1BDA8EB319479FFC006718B5 /* Taptap Heart Rate-Info.plist */ = {isa = PBXFileReference; lastKnownFileType = text.plist.xml; path = "Taptap Heart Rate-Info.plist"; sourceTree = "<group>"; };
		1BDA8EB519479FFC006718B5 /* en */ = {isa = PBXFileReference; lastKnownFileType = text.plist.strings; name = en; path = en.lproj/InfoPlist.strings; sourceTree = "<group>"; };
		1BDA8EB719479FFC006718B5 /* main.m */ = {isa = PBXFileReference; lastKnownFileType = sourcecode.c.objc; path = main.m; sourceTree = "<group>"; };
		1BDA8EB919479FFC006718B5 /* Taptap Heart Rate-Prefix.pch */ = {isa = PBXFileReference; lastKnownFileType = sourcecode.c.h; path = "Taptap Heart Rate-Prefix.pch"; sourceTree = "<group>"; };
		1BDA8EBA19479FFC006718B5 /* TTHRAppDelegate.h */ = {isa = PBXFileReference; lastKnownFileType = sourcecode.c.h; path = TTHRAppDelegate.h; sourceTree = "<group>"; };
		1BDA8EBB19479FFC006718B5 /* TTHRAppDelegate.m */ = {isa = PBXFileReference; lastKnownFileType = sourcecode.c.objc; path = TTHRAppDelegate.m; sourceTree = "<group>"; };
		1BDA8EBD19479FFC006718B5 /* Images.xcassets */ = {isa = PBXFileReference; lastKnownFileType = folder.assetcatalog; path = Images.xcassets; sourceTree = "<group>"; };
		1BDA8EC319479FFC006718B5 /* Taptap Heart RateTests.xctest */ = {isa = PBXFileReference; explicitFileType = wrapper.cfbundle; includeInIndex = 0; path = "Taptap Heart RateTests.xctest"; sourceTree = BUILT_PRODUCTS_DIR; };
		1BDA8EC419479FFC006718B5 /* XCTest.framework */ = {isa = PBXFileReference; lastKnownFileType = wrapper.framework; name = XCTest.framework; path = Library/Frameworks/XCTest.framework; sourceTree = DEVELOPER_DIR; };
		1BDA8ECC19479FFC006718B5 /* Taptap Heart RateTests-Info.plist */ = {isa = PBXFileReference; lastKnownFileType = text.plist.xml; path = "Taptap Heart RateTests-Info.plist"; sourceTree = "<group>"; };
		1BDA8ECE19479FFC006718B5 /* en */ = {isa = PBXFileReference; lastKnownFileType = text.plist.strings; name = en; path = en.lproj/InfoPlist.strings; sourceTree = "<group>"; };
		1BDA8ED019479FFC006718B5 /* Taptap_Heart_RateTests.m */ = {isa = PBXFileReference; lastKnownFileType = sourcecode.c.objc; path = Taptap_Heart_RateTests.m; sourceTree = "<group>"; };
		1BDA8EDA1947A063006718B5 /* TTHRMainViewController.h */ = {isa = PBXFileReference; fileEncoding = 4; lastKnownFileType = sourcecode.c.h; name = TTHRMainViewController.h; path = ViewController/TTHRMainViewController.h; sourceTree = "<group>"; };
		1BDA8EDB1947A063006718B5 /* TTHRMainViewController.m */ = {isa = PBXFileReference; fileEncoding = 4; lastKnownFileType = sourcecode.c.objc; name = TTHRMainViewController.m; path = ViewController/TTHRMainViewController.m; sourceTree = "<group>"; };
		1BDA8EDD1947BE7E006718B5 /* AudioToolbox.framework */ = {isa = PBXFileReference; lastKnownFileType = wrapper.framework; name = AudioToolbox.framework; path = System/Library/Frameworks/AudioToolbox.framework; sourceTree = SDKROOT; };
		1BDA8EDF1947BE84006718B5 /* CFNetwork.framework */ = {isa = PBXFileReference; lastKnownFileType = wrapper.framework; name = CFNetwork.framework; path = System/Library/Frameworks/CFNetwork.framework; sourceTree = SDKROOT; };
		1BDA8EE11947BE8F006718B5 /* CoreLocation.framework */ = {isa = PBXFileReference; lastKnownFileType = wrapper.framework; name = CoreLocation.framework; path = System/Library/Frameworks/CoreLocation.framework; sourceTree = SDKROOT; };
		1BDA8EE31947BE98006718B5 /* libz.dylib */ = {isa = PBXFileReference; lastKnownFileType = "compiled.mach-o.dylib"; name = libz.dylib; path = usr/lib/libz.dylib; sourceTree = SDKROOT; };
		1BDA8EE51947BE9E006718B5 /* MobileCoreServices.framework */ = {isa = PBXFileReference; lastKnownFileType = wrapper.framework; name = MobileCoreServices.framework; path = System/Library/Frameworks/MobileCoreServices.framework; sourceTree = SDKROOT; };
		1BDA8EE71947BEA2006718B5 /* QuartzCore.framework */ = {isa = PBXFileReference; lastKnownFileType = wrapper.framework; name = QuartzCore.framework; path = System/Library/Frameworks/QuartzCore.framework; sourceTree = SDKROOT; };
		1BDA8EE91947BEA7006718B5 /* Security.framework */ = {isa = PBXFileReference; lastKnownFileType = wrapper.framework; name = Security.framework; path = System/Library/Frameworks/Security.framework; sourceTree = SDKROOT; };
		1BDA8EEB1947BEAC006718B5 /* StoreKit.framework */ = {isa = PBXFileReference; lastKnownFileType = wrapper.framework; name = StoreKit.framework; path = System/Library/Frameworks/StoreKit.framework; sourceTree = SDKROOT; };
		1BDA8EED1947BEB4006718B5 /* SystemConfiguration.framework */ = {isa = PBXFileReference; lastKnownFileType = wrapper.framework; name = SystemConfiguration.framework; path = System/Library/Frameworks/SystemConfiguration.framework; sourceTree = SDKROOT; };
/* End PBXFileReference section */

/* Begin PBXFrameworksBuildPhase section */
		1BDA8EA519479FFC006718B5 /* Frameworks */ = {
			isa = PBXFrameworksBuildPhase;
			buildActionMask = 2147483647;
			files = (
				1B1B75D91947F18600C7FAC3 /* Foundation.framework in Frameworks */,
				1BDA8EEE1947BEB4006718B5 /* SystemConfiguration.framework in Frameworks */,
				1BDA8EEC1947BEAC006718B5 /* StoreKit.framework in Frameworks */,
				1BDA8EEA1947BEA7006718B5 /* Security.framework in Frameworks */,
				1BDA8EE81947BEA2006718B5 /* QuartzCore.framework in Frameworks */,
				1BDA8EE61947BE9E006718B5 /* MobileCoreServices.framework in Frameworks */,
				1BDA8EE41947BE98006718B5 /* libz.dylib in Frameworks */,
				1BDA8EE21947BE8F006718B5 /* CoreLocation.framework in Frameworks */,
				1BDA8EAE19479FFC006718B5 /* CoreGraphics.framework in Frameworks */,
				1B1A376A194BFD0500C9F9EC /* Parse.framework in Frameworks */,
				1BDA8EE01947BE84006718B5 /* CFNetwork.framework in Frameworks */,
				1BDA8EDE1947BE7E006718B5 /* AudioToolbox.framework in Frameworks */,
				1BDA8EB019479FFC006718B5 /* UIKit.framework in Frameworks */,
			);
			runOnlyForDeploymentPostprocessing = 0;
		};
		1BDA8EC019479FFC006718B5 /* Frameworks */ = {
			isa = PBXFrameworksBuildPhase;
			buildActionMask = 2147483647;
			files = (
				1BDA8EC519479FFC006718B5 /* XCTest.framework in Frameworks */,
				1BDA8EC719479FFC006718B5 /* UIKit.framework in Frameworks */,
				1BDA8EC619479FFC006718B5 /* Foundation.framework in Frameworks */,
			);
			runOnlyForDeploymentPostprocessing = 0;
		};
/* End PBXFrameworksBuildPhase section */

/* Begin PBXGroup section */
		1B1A376E194BFD7400C9F9EC /* Views */ = {
			isa = PBXGroup;
			children = (
				1B1A376B194BFD6E00C9F9EC /* TTHRTapButton.h */,
				1B1A376C194BFD6E00C9F9EC /* TTHRTapButton.m */,
			);
			name = Views;
			sourceTree = "<group>";
		};
		1BC0024E1947DC810040E828 /* ZHHHandyFunctions */ = {
			isa = PBXGroup;
			children = (
				1BC0024F1947DC810040E828 /* ZHHHandyFunctions.h */,
				1BC002501947DC810040E828 /* ZHHHandyFunctions.m */,
			);
			path = ZHHHandyFunctions;
			sourceTree = "<group>";
		};
		1BC002571947DD510040E828 /* Others */ = {
			isa = PBXGroup;
			children = (
				1BC002541947DD4A0040E828 /* TTHRParseDevice.h */,
				1BC002551947DD4A0040E828 /* TTHRParseDevice.m */,
			);
			name = Others;
			sourceTree = "<group>";
		};
		1BC0025C1947DFCA0040E828 /* Category */ = {
			isa = PBXGroup;
			children = (
				1BC0025D1947DFCA0040E828 /* UIApplication+AppVersion.h */,
				1BC0025E1947DFCA0040E828 /* UIApplication+AppVersion.m */,
				1BC0025F1947DFCA0040E828 /* UIDevice-Hardware.h */,
				1BC002601947DFCA0040E828 /* UIDevice-Hardware.m */,
			);
			name = Category;
			path = "Taptap Heart Rate/Category";
			sourceTree = "<group>";
		};
		1BDA8E9F19479FFC006718B5 = {
			isa = PBXGroup;
			children = (
				1BDA8EF01947BF1B006718B5 /* ThirdPartyDependency */,
				1BC002571947DD510040E828 /* Others */,
				1BC0025C1947DFCA0040E828 /* Category */,
				1BDA8EB119479FFC006718B5 /* Taptap Heart Rate */,
				1BDA8ECA19479FFC006718B5 /* Taptap Heart RateTests */,
				1BDA8EAA19479FFC006718B5 /* Frameworks */,
				1BDA8EA919479FFC006718B5 /* Products */,
			);
			sourceTree = "<group>";
		};
		1BDA8EA919479FFC006718B5 /* Products */ = {
			isa = PBXGroup;
			children = (
				1BDA8EA819479FFC006718B5 /* Taptap Heart Rate.app */,
				1BDA8EC319479FFC006718B5 /* Taptap Heart RateTests.xctest */,
			);
			name = Products;
			sourceTree = "<group>";
		};
		1BDA8EAA19479FFC006718B5 /* Frameworks */ = {
			isa = PBXGroup;
			children = (
				1BDA8EED1947BEB4006718B5 /* SystemConfiguration.framework */,
				1BDA8EEB1947BEAC006718B5 /* StoreKit.framework */,
				1BDA8EE91947BEA7006718B5 /* Security.framework */,
				1BDA8EE71947BEA2006718B5 /* QuartzCore.framework */,
				1BDA8EE51947BE9E006718B5 /* MobileCoreServices.framework */,
				1BDA8EE31947BE98006718B5 /* libz.dylib */,
				1BDA8EE11947BE8F006718B5 /* CoreLocation.framework */,
				1BDA8EDF1947BE84006718B5 /* CFNetwork.framework */,
				1BDA8EDD1947BE7E006718B5 /* AudioToolbox.framework */,
				1BDA8EAB19479FFC006718B5 /* Foundation.framework */,
				1BDA8EAD19479FFC006718B5 /* CoreGraphics.framework */,
				1BDA8EAF19479FFC006718B5 /* UIKit.framework */,
				1BDA8EC419479FFC006718B5 /* XCTest.framework */,
			);
			name = Frameworks;
			sourceTree = "<group>";
		};
		1BDA8EB119479FFC006718B5 /* Taptap Heart Rate */ = {
			isa = PBXGroup;
			children = (
				1BDA8EBA19479FFC006718B5 /* TTHRAppDelegate.h */,
				1BDA8EBB19479FFC006718B5 /* TTHRAppDelegate.m */,
				1BDA8EDA1947A063006718B5 /* TTHRMainViewController.h */,
				1BDA8EDB1947A063006718B5 /* TTHRMainViewController.m */,
				1B1A376E194BFD7400C9F9EC /* Views */,
				1BDA8EBD19479FFC006718B5 /* Images.xcassets */,
				1BDA8EB219479FFC006718B5 /* Supporting Files */,
			);
			path = "Taptap Heart Rate";
			sourceTree = "<group>";
		};
		1BDA8EB219479FFC006718B5 /* Supporting Files */ = {
			isa = PBXGroup;
			children = (
				1BDA8EB319479FFC006718B5 /* Taptap Heart Rate-Info.plist */,
				1BDA8EB419479FFC006718B5 /* InfoPlist.strings */,
				1BDA8EB719479FFC006718B5 /* main.m */,
				1BDA8EB919479FFC006718B5 /* Taptap Heart Rate-Prefix.pch */,
			);
			name = "Supporting Files";
			sourceTree = "<group>";
		};
		1BDA8ECA19479FFC006718B5 /* Taptap Heart RateTests */ = {
			isa = PBXGroup;
			children = (
				1BDA8ED019479FFC006718B5 /* Taptap_Heart_RateTests.m */,
				1BDA8ECB19479FFC006718B5 /* Supporting Files */,
			);
			path = "Taptap Heart RateTests";
			sourceTree = "<group>";
		};
		1BDA8ECB19479FFC006718B5 /* Supporting Files */ = {
			isa = PBXGroup;
			children = (
				1BDA8ECC19479FFC006718B5 /* Taptap Heart RateTests-Info.plist */,
				1BDA8ECD19479FFC006718B5 /* InfoPlist.strings */,
			);
			name = "Supporting Files";
			sourceTree = "<group>";
		};
		1BDA8EF01947BF1B006718B5 /* ThirdPartyDependency */ = {
			isa = PBXGroup;
			children = (
				1B1A3769194BFD0500C9F9EC /* Parse.framework */,
				1BC0024E1947DC810040E828 /* ZHHHandyFunctions */,
			);
			name = ThirdPartyDependency;
			path = "Taptap Heart Rate/ThirdPartyDependency";
			sourceTree = "<group>";
		};
/* End PBXGroup section */

/* Begin PBXNativeTarget section */
		1BDA8EA719479FFC006718B5 /* Taptap Heart Rate */ = {
			isa = PBXNativeTarget;
			buildConfigurationList = 1BDA8ED419479FFC006718B5 /* Build configuration list for PBXNativeTarget "Taptap Heart Rate" */;
			buildPhases = (
				1BDA8EA419479FFC006718B5 /* Sources */,
				1BDA8EA519479FFC006718B5 /* Frameworks */,
				1BDA8EA619479FFC006718B5 /* Resources */,
			);
			buildRules = (
			);
			dependencies = (
			);
			name = "Taptap Heart Rate";
			productName = "Taptap Heart Rate";
			productReference = 1BDA8EA819479FFC006718B5 /* Taptap Heart Rate.app */;
			productType = "com.apple.product-type.application";
		};
		1BDA8EC219479FFC006718B5 /* Taptap Heart RateTests */ = {
			isa = PBXNativeTarget;
			buildConfigurationList = 1BDA8ED719479FFC006718B5 /* Build configuration list for PBXNativeTarget "Taptap Heart RateTests" */;
			buildPhases = (
				1BDA8EBF19479FFC006718B5 /* Sources */,
				1BDA8EC019479FFC006718B5 /* Frameworks */,
				1BDA8EC119479FFC006718B5 /* Resources */,
			);
			buildRules = (
			);
			dependencies = (
				1BDA8EC919479FFC006718B5 /* PBXTargetDependency */,
			);
			name = "Taptap Heart RateTests";
			productName = "Taptap Heart RateTests";
			productReference = 1BDA8EC319479FFC006718B5 /* Taptap Heart RateTests.xctest */;
			productType = "com.apple.product-type.bundle.unit-test";
		};
/* End PBXNativeTarget section */

/* Begin PBXProject section */
		1BDA8EA019479FFC006718B5 /* Project object */ = {
			isa = PBXProject;
			attributes = {
				CLASSPREFIX = TTHR;
				LastUpgradeCheck = 0510;
				ORGANIZATIONNAME = "org-honghao";
				TargetAttributes = {
					1BDA8EC219479FFC006718B5 = {
						TestTargetID = 1BDA8EA719479FFC006718B5;
					};
				};
			};
			buildConfigurationList = 1BDA8EA319479FFC006718B5 /* Build configuration list for PBXProject "Taptap Heart Rate" */;
			compatibilityVersion = "Xcode 3.2";
			developmentRegion = English;
			hasScannedForEncodings = 0;
			knownRegions = (
				en,
			);
			mainGroup = 1BDA8E9F19479FFC006718B5;
			productRefGroup = 1BDA8EA919479FFC006718B5 /* Products */;
			projectDirPath = "";
			projectRoot = "";
			targets = (
				1BDA8EA719479FFC006718B5 /* Taptap Heart Rate */,
				1BDA8EC219479FFC006718B5 /* Taptap Heart RateTests */,
			);
		};
/* End PBXProject section */

/* Begin PBXResourcesBuildPhase section */
		1BDA8EA619479FFC006718B5 /* Resources */ = {
			isa = PBXResourcesBuildPhase;
			buildActionMask = 2147483647;
			files = (
				1BDA8EB619479FFC006718B5 /* InfoPlist.strings in Resources */,
				1BDA8EBE19479FFC006718B5 /* Images.xcassets in Resources */,
			);
			runOnlyForDeploymentPostprocessing = 0;
		};
		1BDA8EC119479FFC006718B5 /* Resources */ = {
			isa = PBXResourcesBuildPhase;
			buildActionMask = 2147483647;
			files = (
				1BDA8ECF19479FFC006718B5 /* InfoPlist.strings in Resources */,
			);
			runOnlyForDeploymentPostprocessing = 0;
		};
/* End PBXResourcesBuildPhase section */

/* Begin PBXSourcesBuildPhase section */
		1BDA8EA419479FFC006718B5 /* Sources */ = {
			isa = PBXSourcesBuildPhase;
			buildActionMask = 2147483647;
			files = (
				1BDA8EBC19479FFC006718B5 /* TTHRAppDelegate.m in Sources */,
				1BC002611947DFCA0040E828 /* UIApplication+AppVersion.m in Sources */,
				1BC002511947DC810040E828 /* ZHHHandyFunctions.m in Sources */,
				1BC002561947DD4A0040E828 /* TTHRParseDevice.m in Sources */,
				1BDA8EDC1947A063006718B5 /* TTHRMainViewController.m in Sources */,
				1B1A376D194BFD6E00C9F9EC /* TTHRTapButton.m in Sources */,
				1BDA8EB819479FFC006718B5 /* main.m in Sources */,
				1BC002621947DFCA0040E828 /* UIDevice-Hardware.m in Sources */,
			);
			runOnlyForDeploymentPostprocessing = 0;
		};
		1BDA8EBF19479FFC006718B5 /* Sources */ = {
			isa = PBXSourcesBuildPhase;
			buildActionMask = 2147483647;
			files = (
				1BDA8ED119479FFC006718B5 /* Taptap_Heart_RateTests.m in Sources */,
			);
			runOnlyForDeploymentPostprocessing = 0;
		};
/* End PBXSourcesBuildPhase section */

/* Begin PBXTargetDependency section */
		1BDA8EC919479FFC006718B5 /* PBXTargetDependency */ = {
			isa = PBXTargetDependency;
			target = 1BDA8EA719479FFC006718B5 /* Taptap Heart Rate */;
			targetProxy = 1BDA8EC819479FFC006718B5 /* PBXContainerItemProxy */;
		};
/* End PBXTargetDependency section */

/* Begin PBXVariantGroup section */
		1BDA8EB419479FFC006718B5 /* InfoPlist.strings */ = {
			isa = PBXVariantGroup;
			children = (
				1BDA8EB519479FFC006718B5 /* en */,
			);
			name = InfoPlist.strings;
			sourceTree = "<group>";
		};
		1BDA8ECD19479FFC006718B5 /* InfoPlist.strings */ = {
			isa = PBXVariantGroup;
			children = (
				1BDA8ECE19479FFC006718B5 /* en */,
			);
			name = InfoPlist.strings;
			sourceTree = "<group>";
		};
/* End PBXVariantGroup section */

/* Begin XCBuildConfiguration section */
		1BDA8ED219479FFC006718B5 /* Debug */ = {
			isa = XCBuildConfiguration;
			buildSettings = {
				ALWAYS_SEARCH_USER_PATHS = NO;
				CLANG_CXX_LANGUAGE_STANDARD = "gnu++0x";
				CLANG_CXX_LIBRARY = "libc++";
				CLANG_ENABLE_MODULES = YES;
				CLANG_ENABLE_OBJC_ARC = YES;
				CLANG_WARN_BOOL_CONVERSION = YES;
				CLANG_WARN_CONSTANT_CONVERSION = YES;
				CLANG_WARN_DIRECT_OBJC_ISA_USAGE = YES_ERROR;
				CLANG_WARN_EMPTY_BODY = YES;
				CLANG_WARN_ENUM_CONVERSION = YES;
				CLANG_WARN_INT_CONVERSION = YES;
				CLANG_WARN_OBJC_ROOT_CLASS = YES_ERROR;
				CLANG_WARN__DUPLICATE_METHOD_MATCH = YES;
				"CODE_SIGN_IDENTITY[sdk=iphoneos*]" = "iPhone Developer";
				COPY_PHASE_STRIP = NO;
				GCC_C_LANGUAGE_STANDARD = gnu99;
				GCC_DYNAMIC_NO_PIC = NO;
				GCC_OPTIMIZATION_LEVEL = 0;
				GCC_PREPROCESSOR_DEFINITIONS = (
					"DEBUG=1",
					"$(inherited)",
				);
				GCC_SYMBOLS_PRIVATE_EXTERN = NO;
				GCC_WARN_64_TO_32_BIT_CONVERSION = YES;
				GCC_WARN_ABOUT_RETURN_TYPE = YES_ERROR;
				GCC_WARN_UNDECLARED_SELECTOR = YES;
				GCC_WARN_UNINITIALIZED_AUTOS = YES_AGGRESSIVE;
				GCC_WARN_UNUSED_FUNCTION = YES;
				GCC_WARN_UNUSED_VARIABLE = YES;
				IPHONEOS_DEPLOYMENT_TARGET = 7.1;
				ONLY_ACTIVE_ARCH = YES;
				SDKROOT = iphoneos;
			};
			name = Debug;
		};
		1BDA8ED319479FFC006718B5 /* Release */ = {
			isa = XCBuildConfiguration;
			buildSettings = {
				ALWAYS_SEARCH_USER_PATHS = NO;
				CLANG_CXX_LANGUAGE_STANDARD = "gnu++0x";
				CLANG_CXX_LIBRARY = "libc++";
				CLANG_ENABLE_MODULES = YES;
				CLANG_ENABLE_OBJC_ARC = YES;
				CLANG_WARN_BOOL_CONVERSION = YES;
				CLANG_WARN_CONSTANT_CONVERSION = YES;
				CLANG_WARN_DIRECT_OBJC_ISA_USAGE = YES_ERROR;
				CLANG_WARN_EMPTY_BODY = YES;
				CLANG_WARN_ENUM_CONVERSION = YES;
				CLANG_WARN_INT_CONVERSION = YES;
				CLANG_WARN_OBJC_ROOT_CLASS = YES_ERROR;
				CLANG_WARN__DUPLICATE_METHOD_MATCH = YES;
				"CODE_SIGN_IDENTITY[sdk=iphoneos*]" = "iPhone Developer";
				COPY_PHASE_STRIP = YES;
				ENABLE_NS_ASSERTIONS = NO;
				GCC_C_LANGUAGE_STANDARD = gnu99;
				GCC_WARN_64_TO_32_BIT_CONVERSION = YES;
				GCC_WARN_ABOUT_RETURN_TYPE = YES_ERROR;
				GCC_WARN_UNDECLARED_SELECTOR = YES;
				GCC_WARN_UNINITIALIZED_AUTOS = YES_AGGRESSIVE;
				GCC_WARN_UNUSED_FUNCTION = YES;
				GCC_WARN_UNUSED_VARIABLE = YES;
				IPHONEOS_DEPLOYMENT_TARGET = 7.1;
				SDKROOT = iphoneos;
				VALIDATE_PRODUCT = YES;
			};
			name = Release;
		};
		1BDA8ED519479FFC006718B5 /* Debug */ = {
			isa = XCBuildConfiguration;
			buildSettings = {
				ASSETCATALOG_COMPILER_APPICON_NAME = AppIcon;
				ASSETCATALOG_COMPILER_LAUNCHIMAGE_NAME = LaunchImage;
				FRAMEWORK_SEARCH_PATHS = (
					"$(inherited)",
					"$(PROJECT_DIR)/Taptap",
					Heart,
					Rate/ThirdPartyDependency,
				);
				GCC_PRECOMPILE_PREFIX_HEADER = YES;
				GCC_PREFIX_HEADER = "Taptap Heart Rate/Taptap Heart Rate-Prefix.pch";
				INFOPLIST_FILE = "Taptap Heart Rate/Taptap Heart Rate-Info.plist";
				IPHONEOS_DEPLOYMENT_TARGET = 7.0;
				PRODUCT_NAME = "$(TARGET_NAME)";
				WRAPPER_EXTENSION = app;
			};
			name = Debug;
		};
		1BDA8ED619479FFC006718B5 /* Release */ = {
			isa = XCBuildConfiguration;
			buildSettings = {
				ASSETCATALOG_COMPILER_APPICON_NAME = AppIcon;
				ASSETCATALOG_COMPILER_LAUNCHIMAGE_NAME = LaunchImage;
				FRAMEWORK_SEARCH_PATHS = (
					"$(inherited)",
					"$(PROJECT_DIR)/Taptap",
					Heart,
					Rate/ThirdPartyDependency,
				);
				GCC_PRECOMPILE_PREFIX_HEADER = YES;
				GCC_PREFIX_HEADER = "Taptap Heart Rate/Taptap Heart Rate-Prefix.pch";
				INFOPLIST_FILE = "Taptap Heart Rate/Taptap Heart Rate-Info.plist";
				IPHONEOS_DEPLOYMENT_TARGET = 7.0;
				PRODUCT_NAME = "$(TARGET_NAME)";
				WRAPPER_EXTENSION = app;
			};
			name = Release;
		};
		1BDA8ED819479FFC006718B5 /* Debug */ = {
			isa = XCBuildConfiguration;
			buildSettings = {
				BUNDLE_LOADER = "$(BUILT_PRODUCTS_DIR)/Taptap Heart Rate.app/Taptap Heart Rate";
				FRAMEWORK_SEARCH_PATHS = (
					"$(SDKROOT)/Developer/Library/Frameworks",
					"$(inherited)",
					"$(DEVELOPER_FRAMEWORKS_DIR)",
				);
				GCC_PRECOMPILE_PREFIX_HEADER = YES;
				GCC_PREFIX_HEADER = "Taptap Heart Rate/Taptap Heart Rate-Prefix.pch";
				GCC_PREPROCESSOR_DEFINITIONS = (
					"DEBUG=1",
					"$(inherited)",
				);
				INFOPLIST_FILE = "Taptap Heart RateTests/Taptap Heart RateTests-Info.plist";
				PRODUCT_NAME = "$(TARGET_NAME)";
				TEST_HOST = "$(BUNDLE_LOADER)";
				WRAPPER_EXTENSION = xctest;
			};
			name = Debug;
		};
		1BDA8ED919479FFC006718B5 /* Release */ = {
			isa = XCBuildConfiguration;
			buildSettings = {
				BUNDLE_LOADER = "$(BUILT_PRODUCTS_DIR)/Taptap Heart Rate.app/Taptap Heart Rate";
				FRAMEWORK_SEARCH_PATHS = (
					"$(SDKROOT)/Developer/Library/Frameworks",
					"$(inherited)",
					"$(DEVELOPER_FRAMEWORKS_DIR)",
				);
				GCC_PRECOMPILE_PREFIX_HEADER = YES;
				GCC_PREFIX_HEADER = "Taptap Heart Rate/Taptap Heart Rate-Prefix.pch";
				INFOPLIST_FILE = "Taptap Heart RateTests/Taptap Heart RateTests-Info.plist";
				PRODUCT_NAME = "$(TARGET_NAME)";
				TEST_HOST = "$(BUNDLE_LOADER)";
				WRAPPER_EXTENSION = xctest;
			};
			name = Release;
		};
/* End XCBuildConfiguration section */

/* Begin XCConfigurationList section */
		1BDA8EA319479FFC006718B5 /* Build configuration list for PBXProject "Taptap Heart Rate" */ = {
			isa = XCConfigurationList;
			buildConfigurations = (
				1BDA8ED219479FFC006718B5 /* Debug */,
				1BDA8ED319479FFC006718B5 /* Release */,
			);
			defaultConfigurationIsVisible = 0;
			defaultConfigurationName = Release;
		};
		1BDA8ED419479FFC006718B5 /* Build configuration list for PBXNativeTarget "Taptap Heart Rate" */ = {
			isa = XCConfigurationList;
			buildConfigurations = (
				1BDA8ED519479FFC006718B5 /* Debug */,
				1BDA8ED619479FFC006718B5 /* Release */,
			);
			defaultConfigurationIsVisible = 0;
			defaultConfigurationName = Release;
		};
		1BDA8ED719479FFC006718B5 /* Build configuration list for PBXNativeTarget "Taptap Heart RateTests" */ = {
			isa = XCConfigurationList;
			buildConfigurations = (
				1BDA8ED819479FFC006718B5 /* Debug */,
				1BDA8ED919479FFC006718B5 /* Release */,
			);
			defaultConfigurationIsVisible = 0;
			defaultConfigurationName = Release;
		};
/* End XCConfigurationList section */
	};
	rootObject = 1BDA8EA019479FFC006718B5 /* Project object */;
}
