// !$*UTF8*$!
{
	archiveVersion = 1;
	classes = {
	};
	objectVersion = 46;
	objects = {

/* Begin PBXBuildFile section */
		0217A83D21177416002B2B89 /* TTHRMainViewController.m in Sources */ = {isa = PBXBuildFile; fileRef = 0217A83C21177416002B2B89 /* TTHRMainViewController.m */; };
		0217A84921177477002B2B89 /* main.m in Sources */ = {isa = PBXBuildFile; fileRef = 0217A84521177476002B2B89 /* main.m */; };
		0217A85021177BD8002B2B89 /* GoogleService-Info.plist in Resources */ = {isa = PBXBuildFile; fileRef = 0217A84F21177BD7002B2B89 /* GoogleService-Info.plist */; };
		1B0583B7194E3BE5000D43C2 /* TTHRMainScrollView.m in Sources */ = {isa = PBXBuildFile; fileRef = 1B0583B6194E3BE5000D43C2 /* TTHRMainScrollView.m */; };
		1B1A376D194BFD6E00C9F9EC /* TTHRTapButton.m in Sources */ = {isa = PBXBuildFile; fileRef = 1B1A376C194BFD6E00C9F9EC /* TTHRTapButton.m */; };
		1B1B75D91947F18600C7FAC3 /* Foundation.framework in Frameworks */ = {isa = PBXBuildFile; fileRef = 1BDA8EAB19479FFC006718B5 /* Foundation.framework */; };
		1B3E9BBA195BC38E000D144E /* TTHRAnimatedView.m in Sources */ = {isa = PBXBuildFile; fileRef = 1B3E9BB9195BC38E000D144E /* TTHRAnimatedView.m */; };
		1B75F202195F17C700AFAFC4 /* TTHRHintView.m in Sources */ = {isa = PBXBuildFile; fileRef = 1B75F201195F17C700AFAFC4 /* TTHRHintView.m */; };
		1B75F205195F807900AFAFC4 /* TTHRHeartIndicatorView.m in Sources */ = {isa = PBXBuildFile; fileRef = 1B75F204195F807900AFAFC4 /* TTHRHeartIndicatorView.m */; };
		1B75F212195FA3D000AFAFC4 /* TTHRUser.m in Sources */ = {isa = PBXBuildFile; fileRef = 1B75F211195FA3D000AFAFC4 /* TTHRUser.m */; };
		1BDA8EBC19479FFC006718B5 /* TTHRAppDelegate.m in Sources */ = {isa = PBXBuildFile; fileRef = 1BDA8EBB19479FFC006718B5 /* TTHRAppDelegate.m */; };
		1BDA8EBE19479FFC006718B5 /* Images.xcassets in Resources */ = {isa = PBXBuildFile; fileRef = 1BDA8EBD19479FFC006718B5 /* Images.xcassets */; };
		1BDA8EC519479FFC006718B5 /* XCTest.framework in Frameworks */ = {isa = PBXBuildFile; fileRef = 1BDA8EC419479FFC006718B5 /* XCTest.framework */; };
		1BDA8EC619479FFC006718B5 /* Foundation.framework in Frameworks */ = {isa = PBXBuildFile; fileRef = 1BDA8EAB19479FFC006718B5 /* Foundation.framework */; };
		1BDA8EC719479FFC006718B5 /* UIKit.framework in Frameworks */ = {isa = PBXBuildFile; fileRef = 1BDA8EAF19479FFC006718B5 /* UIKit.framework */; };
		1BDA8ED119479FFC006718B5 /* Taptap_Heart_RateTests.m in Sources */ = {isa = PBXBuildFile; fileRef = 1BDA8ED019479FFC006718B5 /* Taptap_Heart_RateTests.m */; };
		1BF2FB9E1989F42C002DD49A /* ZHHBarChartView.m in Sources */ = {isa = PBXBuildFile; fileRef = 1BF2FB9D1989F42C002DD49A /* ZHHBarChartView.m */; };
		91E28D97BA0C658C5BEACD24 /* libPods-Taptap Heart Rate.a in Frameworks */ = {isa = PBXBuildFile; fileRef = CCCFB4F6C6FD5774AC9852C7 /* libPods-Taptap Heart Rate.a */; };
		E532A66A24B26ACF003B5DA7 /* Launch Screen.storyboard in Resources */ = {isa = PBXBuildFile; fileRef = E532A66924B26ACF003B5DA7 /* Launch Screen.storyboard */; };
		E532A67024B2D857003B5DA7 /* DEStoreKitManager.m in Sources */ = {isa = PBXBuildFile; fileRef = E532A66E24B2D856003B5DA7 /* DEStoreKitManager.m */; };
/* End PBXBuildFile section */

/* Begin PBXContainerItemProxy section */
		1BDA8EC819479FFC006718B5 /* PBXContainerItemProxy */ = {
			isa = PBXContainerItemProxy;
			containerPortal = 1BDA8EA019479FFC006718B5 /* Project object */;
			proxyType = 1;
			remoteGlobalIDString = 1BDA8EA719479FFC006718B5;
			remoteInfo = "Taptap Heart Rate";
		};
/* End PBXContainerItemProxy section */

/* Begin PBXFileReference section */
		0217A83B21177416002B2B89 /* TTHRMainViewController.h */ = {isa = PBXFileReference; fileEncoding = 4; lastKnownFileType = sourcecode.c.h; path = TTHRMainViewController.h; sourceTree = "<group>"; };
		0217A83C21177416002B2B89 /* TTHRMainViewController.m */ = {isa = PBXFileReference; fileEncoding = 4; lastKnownFileType = sourcecode.c.objc; path = TTHRMainViewController.m; sourceTree = "<group>"; };
		0217A84321177476002B2B89 /* Info.plist */ = {isa = PBXFileReference; fileEncoding = 4; lastKnownFileType = text.plist.xml; path = Info.plist; sourceTree = "<group>"; };
		0217A84521177476002B2B89 /* main.m */ = {isa = PBXFileReference; fileEncoding = 4; lastKnownFileType = sourcecode.c.objc; path = main.m; sourceTree = "<group>"; };
		0217A84621177476002B2B89 /* Taptap Heart Rate-Prefix.pch */ = {isa = PBXFileReference; fileEncoding = 4; lastKnownFileType = sourcecode.c.h; path = "Taptap Heart Rate-Prefix.pch"; sourceTree = "<group>"; };
		0217A84F21177BD7002B2B89 /* GoogleService-Info.plist */ = {isa = PBXFileReference; fileEncoding = 4; lastKnownFileType = text.plist.xml; path = "GoogleService-Info.plist"; sourceTree = "<group>"; };
		157ED95B46E8220DFCA3E27F /* Pods-Taptap Heart Rate.debug.xcconfig */ = {isa = PBXFileReference; includeInIndex = 1; lastKnownFileType = text.xcconfig; name = "Pods-Taptap Heart Rate.debug.xcconfig"; path = "Pods/Target Support Files/Pods-Taptap Heart Rate/Pods-Taptap Heart Rate.debug.xcconfig"; sourceTree = "<group>"; };
		1B0583B5194E3BE5000D43C2 /* TTHRMainScrollView.h */ = {isa = PBXFileReference; fileEncoding = 4; lastKnownFileType = sourcecode.c.h; name = TTHRMainScrollView.h; path = Views/TTHRMainScrollView.h; sourceTree = "<group>"; };
		1B0583B6194E3BE5000D43C2 /* TTHRMainScrollView.m */ = {isa = PBXFileReference; fileEncoding = 4; lastKnownFileType = sourcecode.c.objc; name = TTHRMainScrollView.m; path = Views/TTHRMainScrollView.m; sourceTree = "<group>"; };
		1B0583B8194E9737000D43C2 /* AdSupport.framework */ = {isa = PBXFileReference; lastKnownFileType = wrapper.framework; name = AdSupport.framework; path = System/Library/Frameworks/AdSupport.framework; sourceTree = SDKROOT; };
		1B0583BA194E973F000D43C2 /* CoreData.framework */ = {isa = PBXFileReference; lastKnownFileType = wrapper.framework; name = CoreData.framework; path = System/Library/Frameworks/CoreData.framework; sourceTree = SDKROOT; };
		1B1A376B194BFD6E00C9F9EC /* TTHRTapButton.h */ = {isa = PBXFileReference; fileEncoding = 4; lastKnownFileType = sourcecode.c.h; name = TTHRTapButton.h; path = Views/TTHRTapButton.h; sourceTree = "<group>"; };
		1B1A376C194BFD6E00C9F9EC /* TTHRTapButton.m */ = {isa = PBXFileReference; fileEncoding = 4; lastKnownFileType = sourcecode.c.objc; name = TTHRTapButton.m; path = Views/TTHRTapButton.m; sourceTree = "<group>"; };
		1B3E9BB8195BC38E000D144E /* TTHRAnimatedView.h */ = {isa = PBXFileReference; fileEncoding = 4; lastKnownFileType = sourcecode.c.h; name = TTHRAnimatedView.h; path = Views/TTHRAnimatedView.h; sourceTree = "<group>"; };
		1B3E9BB9195BC38E000D144E /* TTHRAnimatedView.m */ = {isa = PBXFileReference; fileEncoding = 4; lastKnownFileType = sourcecode.c.objc; name = TTHRAnimatedView.m; path = Views/TTHRAnimatedView.m; sourceTree = "<group>"; };
		1B75F200195F17C700AFAFC4 /* TTHRHintView.h */ = {isa = PBXFileReference; fileEncoding = 4; lastKnownFileType = sourcecode.c.h; name = TTHRHintView.h; path = Views/TTHRHintView.h; sourceTree = "<group>"; };
		1B75F201195F17C700AFAFC4 /* TTHRHintView.m */ = {isa = PBXFileReference; fileEncoding = 4; lastKnownFileType = sourcecode.c.objc; name = TTHRHintView.m; path = Views/TTHRHintView.m; sourceTree = "<group>"; };
		1B75F203195F807900AFAFC4 /* TTHRHeartIndicatorView.h */ = {isa = PBXFileReference; fileEncoding = 4; lastKnownFileType = sourcecode.c.h; name = TTHRHeartIndicatorView.h; path = Views/TTHRHeartIndicatorView.h; sourceTree = "<group>"; };
		1B75F204195F807900AFAFC4 /* TTHRHeartIndicatorView.m */ = {isa = PBXFileReference; fileEncoding = 4; lastKnownFileType = sourcecode.c.objc; name = TTHRHeartIndicatorView.m; path = Views/TTHRHeartIndicatorView.m; sourceTree = "<group>"; };
		1B75F210195FA3D000AFAFC4 /* TTHRUser.h */ = {isa = PBXFileReference; fileEncoding = 4; lastKnownFileType = sourcecode.c.h; name = TTHRUser.h; path = Model/TTHRUser.h; sourceTree = "<group>"; };
		1B75F211195FA3D000AFAFC4 /* TTHRUser.m */ = {isa = PBXFileReference; fileEncoding = 4; lastKnownFileType = sourcecode.c.objc; name = TTHRUser.m; path = Model/TTHRUser.m; sourceTree = "<group>"; };
		1BDA8EA819479FFC006718B5 /* Taptap Heart Rate.app */ = {isa = PBXFileReference; explicitFileType = wrapper.application; includeInIndex = 0; path = "Taptap Heart Rate.app"; sourceTree = BUILT_PRODUCTS_DIR; };
		1BDA8EAB19479FFC006718B5 /* Foundation.framework */ = {isa = PBXFileReference; lastKnownFileType = wrapper.framework; name = Foundation.framework; path = System/Library/Frameworks/Foundation.framework; sourceTree = SDKROOT; };
		1BDA8EAD19479FFC006718B5 /* CoreGraphics.framework */ = {isa = PBXFileReference; lastKnownFileType = wrapper.framework; name = CoreGraphics.framework; path = System/Library/Frameworks/CoreGraphics.framework; sourceTree = SDKROOT; };
		1BDA8EAF19479FFC006718B5 /* UIKit.framework */ = {isa = PBXFileReference; lastKnownFileType = wrapper.framework; name = UIKit.framework; path = System/Library/Frameworks/UIKit.framework; sourceTree = SDKROOT; };
		1BDA8EBA19479FFC006718B5 /* TTHRAppDelegate.h */ = {isa = PBXFileReference; lastKnownFileType = sourcecode.c.h; path = TTHRAppDelegate.h; sourceTree = "<group>"; };
		1BDA8EBB19479FFC006718B5 /* TTHRAppDelegate.m */ = {isa = PBXFileReference; lastKnownFileType = sourcecode.c.objc; path = TTHRAppDelegate.m; sourceTree = "<group>"; };
		1BDA8EBD19479FFC006718B5 /* Images.xcassets */ = {isa = PBXFileReference; lastKnownFileType = folder.assetcatalog; path = Images.xcassets; sourceTree = "<group>"; };
		1BDA8EC319479FFC006718B5 /* Taptap Heart RateTests.xctest */ = {isa = PBXFileReference; explicitFileType = wrapper.cfbundle; includeInIndex = 0; path = "Taptap Heart RateTests.xctest"; sourceTree = BUILT_PRODUCTS_DIR; };
		1BDA8EC419479FFC006718B5 /* XCTest.framework */ = {isa = PBXFileReference; lastKnownFileType = wrapper.framework; name = XCTest.framework; path = Library/Frameworks/XCTest.framework; sourceTree = DEVELOPER_DIR; };
		1BDA8ECC19479FFC006718B5 /* Taptap Heart RateTests-Info.plist */ = {isa = PBXFileReference; lastKnownFileType = text.plist.xml; path = "Taptap Heart RateTests-Info.plist"; sourceTree = "<group>"; };
		1BDA8ED019479FFC006718B5 /* Taptap_Heart_RateTests.m */ = {isa = PBXFileReference; lastKnownFileType = sourcecode.c.objc; path = Taptap_Heart_RateTests.m; sourceTree = "<group>"; };
		1BDA8EDD1947BE7E006718B5 /* AudioToolbox.framework */ = {isa = PBXFileReference; lastKnownFileType = wrapper.framework; name = AudioToolbox.framework; path = System/Library/Frameworks/AudioToolbox.framework; sourceTree = SDKROOT; };
		1BDA8EDF1947BE84006718B5 /* CFNetwork.framework */ = {isa = PBXFileReference; lastKnownFileType = wrapper.framework; name = CFNetwork.framework; path = System/Library/Frameworks/CFNetwork.framework; sourceTree = SDKROOT; };
		1BDA8EE11947BE8F006718B5 /* CoreLocation.framework */ = {isa = PBXFileReference; lastKnownFileType = wrapper.framework; name = CoreLocation.framework; path = System/Library/Frameworks/CoreLocation.framework; sourceTree = SDKROOT; };
		1BDA8EE31947BE98006718B5 /* libz.dylib */ = {isa = PBXFileReference; lastKnownFileType = "compiled.mach-o.dylib"; name = libz.dylib; path = usr/lib/libz.dylib; sourceTree = SDKROOT; };
		1BDA8EE51947BE9E006718B5 /* MobileCoreServices.framework */ = {isa = PBXFileReference; lastKnownFileType = wrapper.framework; name = MobileCoreServices.framework; path = System/Library/Frameworks/MobileCoreServices.framework; sourceTree = SDKROOT; };
		1BDA8EE71947BEA2006718B5 /* QuartzCore.framework */ = {isa = PBXFileReference; lastKnownFileType = wrapper.framework; name = QuartzCore.framework; path = System/Library/Frameworks/QuartzCore.framework; sourceTree = SDKROOT; };
		1BDA8EE91947BEA7006718B5 /* Security.framework */ = {isa = PBXFileReference; lastKnownFileType = wrapper.framework; name = Security.framework; path = System/Library/Frameworks/Security.framework; sourceTree = SDKROOT; };
		1BDA8EED1947BEB4006718B5 /* SystemConfiguration.framework */ = {isa = PBXFileReference; lastKnownFileType = wrapper.framework; name = SystemConfiguration.framework; path = System/Library/Frameworks/SystemConfiguration.framework; sourceTree = SDKROOT; };
		1BF2FB9C1989F42C002DD49A /* ZHHBarChartView.h */ = {isa = PBXFileReference; fileEncoding = 4; lastKnownFileType = sourcecode.c.h; name = ZHHBarChartView.h; path = Views/ZHHBarChartView.h; sourceTree = "<group>"; };
		1BF2FB9D1989F42C002DD49A /* ZHHBarChartView.m */ = {isa = PBXFileReference; fileEncoding = 4; lastKnownFileType = sourcecode.c.objc; name = ZHHBarChartView.m; path = Views/ZHHBarChartView.m; sourceTree = "<group>"; };
		CCCFB4F6C6FD5774AC9852C7 /* libPods-Taptap Heart Rate.a */ = {isa = PBXFileReference; explicitFileType = archive.ar; includeInIndex = 0; path = "libPods-Taptap Heart Rate.a"; sourceTree = BUILT_PRODUCTS_DIR; };
		D9922B5D50B936B740398799 /* libPods-Taptap Heart RateTests.a */ = {isa = PBXFileReference; explicitFileType = archive.ar; includeInIndex = 0; path = "libPods-Taptap Heart RateTests.a"; sourceTree = BUILT_PRODUCTS_DIR; };
		E532A66924B26ACF003B5DA7 /* Launch Screen.storyboard */ = {isa = PBXFileReference; lastKnownFileType = file.storyboard; path = "Launch Screen.storyboard"; sourceTree = "<group>"; };
		E532A66E24B2D856003B5DA7 /* DEStoreKitManager.m */ = {isa = PBXFileReference; fileEncoding = 4; lastKnownFileType = sourcecode.c.objc; path = DEStoreKitManager.m; sourceTree = "<group>"; };
		E532A66F24B2D857003B5DA7 /* DEStoreKitManager.h */ = {isa = PBXFileReference; fileEncoding = 4; lastKnownFileType = sourcecode.c.h; path = DEStoreKitManager.h; sourceTree = "<group>"; };
		E687F014DC64432A2E77B977 /* Pods-Taptap Heart Rate.release.xcconfig */ = {isa = PBXFileReference; includeInIndex = 1; lastKnownFileType = text.xcconfig; name = "Pods-Taptap Heart Rate.release.xcconfig"; path = "Pods/Target Support Files/Pods-Taptap Heart Rate/Pods-Taptap Heart Rate.release.xcconfig"; sourceTree = "<group>"; };
/* End PBXFileReference section */

/* Begin PBXFrameworksBuildPhase section */
		1BDA8EA519479FFC006718B5 /* Frameworks */ = {
			isa = PBXFrameworksBuildPhase;
			buildActionMask = 2147483647;
			files = (
				1B1B75D91947F18600C7FAC3 /* Foundation.framework in Frameworks */,
				91E28D97BA0C658C5BEACD24 /* libPods-Taptap Heart Rate.a in Frameworks */,
			);
			runOnlyForDeploymentPostprocessing = 0;
		};
		1BDA8EC019479FFC006718B5 /* Frameworks */ = {
			isa = PBXFrameworksBuildPhase;
			buildActionMask = 2147483647;
			files = (
				1BDA8EC519479FFC006718B5 /* XCTest.framework in Frameworks */,
				1BDA8EC719479FFC006718B5 /* UIKit.framework in Frameworks */,
				1BDA8EC619479FFC006718B5 /* Foundation.framework in Frameworks */,
			);
			runOnlyForDeploymentPostprocessing = 0;
		};
/* End PBXFrameworksBuildPhase section */

/* Begin PBXGroup section */
		0217A83A21177416002B2B89 /* ViewController */ = {
			isa = PBXGroup;
			children = (
				0217A83B21177416002B2B89 /* TTHRMainViewController.h */,
				0217A83C21177416002B2B89 /* TTHRMainViewController.m */,
			);
			path = ViewController;
			sourceTree = "<group>";
		};
		0217A84221177476002B2B89 /* Supporting Files */ = {
			isa = PBXGroup;
			children = (
				0217A84321177476002B2B89 /* Info.plist */,
				0217A84F21177BD7002B2B89 /* GoogleService-Info.plist */,
				0217A84521177476002B2B89 /* main.m */,
				0217A84621177476002B2B89 /* Taptap Heart Rate-Prefix.pch */,
			);
			path = "Supporting Files";
			sourceTree = "<group>";
		};
		1B1A376E194BFD7400C9F9EC /* Views */ = {
			isa = PBXGroup;
			children = (
				1B1A376B194BFD6E00C9F9EC /* TTHRTapButton.h */,
				1B1A376C194BFD6E00C9F9EC /* TTHRTapButton.m */,
				1B0583B5194E3BE5000D43C2 /* TTHRMainScrollView.h */,
				1B0583B6194E3BE5000D43C2 /* TTHRMainScrollView.m */,
				1B3E9BB8195BC38E000D144E /* TTHRAnimatedView.h */,
				1B3E9BB9195BC38E000D144E /* TTHRAnimatedView.m */,
				1B75F200195F17C700AFAFC4 /* TTHRHintView.h */,
				1B75F201195F17C700AFAFC4 /* TTHRHintView.m */,
				1BF2FB9C1989F42C002DD49A /* ZHHBarChartView.h */,
				1BF2FB9D1989F42C002DD49A /* ZHHBarChartView.m */,
				1B75F207195F934900AFAFC4 /* HeartIndicatorView */,
			);
			name = Views;
			sourceTree = "<group>";
		};
		1B75F207195F934900AFAFC4 /* HeartIndicatorView */ = {
			isa = PBXGroup;
			children = (
				1B75F203195F807900AFAFC4 /* TTHRHeartIndicatorView.h */,
				1B75F204195F807900AFAFC4 /* TTHRHeartIndicatorView.m */,
			);
			name = HeartIndicatorView;
			sourceTree = "<group>";
		};
		1B75F20C195FA38400AFAFC4 /* Model */ = {
			isa = PBXGroup;
			children = (
				1B75F210195FA3D000AFAFC4 /* TTHRUser.h */,
				1B75F211195FA3D000AFAFC4 /* TTHRUser.m */,
			);
			name = Model;
			sourceTree = "<group>";
		};
		1BDA8E9F19479FFC006718B5 = {
			isa = PBXGroup;
			children = (
				1BDA8EB119479FFC006718B5 /* Taptap Heart Rate */,
				1BDA8ECA19479FFC006718B5 /* Taptap Heart RateTests */,
				1BDA8EAA19479FFC006718B5 /* Frameworks */,
				1BDA8EA919479FFC006718B5 /* Products */,
				9738A01AC5D6B28A0923DF51 /* Pods */,
			);
			indentWidth = 4;
			sourceTree = "<group>";
		};
		1BDA8EA919479FFC006718B5 /* Products */ = {
			isa = PBXGroup;
			children = (
				1BDA8EA819479FFC006718B5 /* Taptap Heart Rate.app */,
				1BDA8EC319479FFC006718B5 /* Taptap Heart RateTests.xctest */,
			);
			name = Products;
			sourceTree = "<group>";
		};
		1BDA8EAA19479FFC006718B5 /* Frameworks */ = {
			isa = PBXGroup;
			children = (
				1B0583BA194E973F000D43C2 /* CoreData.framework */,
				1B0583B8194E9737000D43C2 /* AdSupport.framework */,
				1BDA8EED1947BEB4006718B5 /* SystemConfiguration.framework */,
				1BDA8EE91947BEA7006718B5 /* Security.framework */,
				1BDA8EE71947BEA2006718B5 /* QuartzCore.framework */,
				1BDA8EE51947BE9E006718B5 /* MobileCoreServices.framework */,
				1BDA8EE31947BE98006718B5 /* libz.dylib */,
				1BDA8EE11947BE8F006718B5 /* CoreLocation.framework */,
				1BDA8EDF1947BE84006718B5 /* CFNetwork.framework */,
				1BDA8EDD1947BE7E006718B5 /* AudioToolbox.framework */,
				1BDA8EAB19479FFC006718B5 /* Foundation.framework */,
				1BDA8EAD19479FFC006718B5 /* CoreGraphics.framework */,
				1BDA8EAF19479FFC006718B5 /* UIKit.framework */,
				1BDA8EC419479FFC006718B5 /* XCTest.framework */,
				CCCFB4F6C6FD5774AC9852C7 /* libPods-Taptap Heart Rate.a */,
				D9922B5D50B936B740398799 /* libPods-Taptap Heart RateTests.a */,
			);
			name = Frameworks;
			sourceTree = "<group>";
		};
		1BDA8EB119479FFC006718B5 /* Taptap Heart Rate */ = {
			isa = PBXGroup;
			children = (
				1BDA8EBA19479FFC006718B5 /* TTHRAppDelegate.h */,
				1BDA8EBB19479FFC006718B5 /* TTHRAppDelegate.m */,
				E532A67124B2D85C003B5DA7 /* DEStoreKitManager */,
				1B75F20C195FA38400AFAFC4 /* Model */,
				0217A83A21177416002B2B89 /* ViewController */,
				1B1A376E194BFD7400C9F9EC /* Views */,
				E532A66824B26ABA003B5DA7 /* Resources */,
				0217A84221177476002B2B89 /* Supporting Files */,
			);
			path = "Taptap Heart Rate";
			sourceTree = "<group>";
		};
		1BDA8ECA19479FFC006718B5 /* Taptap Heart RateTests */ = {
			isa = PBXGroup;
			children = (
				1BDA8ED019479FFC006718B5 /* Taptap_Heart_RateTests.m */,
				1BDA8ECB19479FFC006718B5 /* Supporting Files */,
			);
			path = "Taptap Heart RateTests";
			sourceTree = "<group>";
		};
		1BDA8ECB19479FFC006718B5 /* Supporting Files */ = {
			isa = PBXGroup;
			children = (
				1BDA8ECC19479FFC006718B5 /* Taptap Heart RateTests-Info.plist */,
			);
			name = "Supporting Files";
			sourceTree = "<group>";
		};
		9738A01AC5D6B28A0923DF51 /* Pods */ = {
			isa = PBXGroup;
			children = (
				157ED95B46E8220DFCA3E27F /* Pods-Taptap Heart Rate.debug.xcconfig */,
				E687F014DC64432A2E77B977 /* Pods-Taptap Heart Rate.release.xcconfig */,
			);
			name = Pods;
			sourceTree = "<group>";
		};
		E532A66824B26ABA003B5DA7 /* Resources */ = {
			isa = PBXGroup;
			children = (
				1BDA8EBD19479FFC006718B5 /* Images.xcassets */,
				E532A66924B26ACF003B5DA7 /* Launch Screen.storyboard */,
			);
			path = Resources;
			sourceTree = "<group>";
		};
		E532A67124B2D85C003B5DA7 /* DEStoreKitManager */ = {
			isa = PBXGroup;
			children = (
				E532A66F24B2D857003B5DA7 /* DEStoreKitManager.h */,
				E532A66E24B2D856003B5DA7 /* DEStoreKitManager.m */,
			);
			path = DEStoreKitManager;
			sourceTree = "<group>";
		};
/* End PBXGroup section */

/* Begin PBXNativeTarget section */
		1BDA8EA719479FFC006718B5 /* Taptap Heart Rate */ = {
			isa = PBXNativeTarget;
			buildConfigurationList = 1BDA8ED419479FFC006718B5 /* Build configuration list for PBXNativeTarget "Taptap Heart Rate" */;
			buildPhases = (
				4D7ACF747F975973CFCC24AF /* [CP] Check Pods Manifest.lock */,
				1BDA8EA419479FFC006718B5 /* Sources */,
				1BDA8EA519479FFC006718B5 /* Frameworks */,
				1BDA8EA619479FFC006718B5 /* Resources */,
			);
			buildRules = (
			);
			dependencies = (
			);
			name = "Taptap Heart Rate";
			productName = "Taptap Heart Rate";
			productReference = 1BDA8EA819479FFC006718B5 /* Taptap Heart Rate.app */;
			productType = "com.apple.product-type.application";
		};
		1BDA8EC219479FFC006718B5 /* Taptap Heart RateTests */ = {
			isa = PBXNativeTarget;
			buildConfigurationList = 1BDA8ED719479FFC006718B5 /* Build configuration list for PBXNativeTarget "Taptap Heart RateTests" */;
			buildPhases = (
				1BDA8EBF19479FFC006718B5 /* Sources */,
				1BDA8EC019479FFC006718B5 /* Frameworks */,
				1BDA8EC119479FFC006718B5 /* Resources */,
			);
			buildRules = (
			);
			dependencies = (
				1BDA8EC919479FFC006718B5 /* PBXTargetDependency */,
			);
			name = "Taptap Heart RateTests";
			productName = "Taptap Heart RateTests";
			productReference = 1BDA8EC319479FFC006718B5 /* Taptap Heart RateTests.xctest */;
			productType = "com.apple.product-type.bundle.unit-test";
		};
/* End PBXNativeTarget section */

/* Begin PBXProject section */
		1BDA8EA019479FFC006718B5 /* Project object */ = {
			isa = PBXProject;
			attributes = {
				CLASSPREFIX = TTHR;
				LastUpgradeCheck = 0940;
				ORGANIZATIONNAME = "org-honghao";
				TargetAttributes = {
					1BDA8EA719479FFC006718B5 = {
						DevelopmentTeam = UYW9ZSKZAQ;
						SystemCapabilities = {
							com.apple.InAppPurchase = {
								enabled = 0;
							};
						};
					};
					1BDA8EC219479FFC006718B5 = {
						DevelopmentTeam = UYW9ZSKZAQ;
						TestTargetID = 1BDA8EA719479FFC006718B5;
					};
				};
			};
			buildConfigurationList = 1BDA8EA319479FFC006718B5 /* Build configuration list for PBXProject "Taptap Heart Rate" */;
			compatibilityVersion = "Xcode 3.2";
			developmentRegion = en;
			hasScannedForEncodings = 0;
			knownRegions = (
				en,
				Base,
			);
			mainGroup = 1BDA8E9F19479FFC006718B5;
			productRefGroup = 1BDA8EA919479FFC006718B5 /* Products */;
			projectDirPath = "";
			projectRoot = "";
			targets = (
				1BDA8EA719479FFC006718B5 /* Taptap Heart Rate */,
				1BDA8EC219479FFC006718B5 /* Taptap Heart RateTests */,
			);
		};
/* End PBXProject section */

/* Begin PBXResourcesBuildPhase section */
		1BDA8EA619479FFC006718B5 /* Resources */ = {
			isa = PBXResourcesBuildPhase;
			buildActionMask = 2147483647;
			files = (
				E532A66A24B26ACF003B5DA7 /* Launch Screen.storyboard in Resources */,
				1BDA8EBE19479FFC006718B5 /* Images.xcassets in Resources */,
				0217A85021177BD8002B2B89 /* GoogleService-Info.plist in Resources */,
			);
			runOnlyForDeploymentPostprocessing = 0;
		};
		1BDA8EC119479FFC006718B5 /* Resources */ = {
			isa = PBXResourcesBuildPhase;
			buildActionMask = 2147483647;
			files = (
			);
			runOnlyForDeploymentPostprocessing = 0;
		};
/* End PBXResourcesBuildPhase section */

/* Begin PBXShellScriptBuildPhase section */
		4D7ACF747F975973CFCC24AF /* [CP] Check Pods Manifest.lock */ = {
			isa = PBXShellScriptBuildPhase;
			buildActionMask = 2147483647;
			files = (
			);
			inputPaths = (
				"${PODS_PODFILE_DIR_PATH}/Podfile.lock",
				"${PODS_ROOT}/Manifest.lock",
			);
			name = "[CP] Check Pods Manifest.lock";
			outputPaths = (
				"$(DERIVED_FILE_DIR)/Pods-Taptap Heart Rate-checkManifestLockResult.txt",
			);
			runOnlyForDeploymentPostprocessing = 0;
			shellPath = /bin/sh;
			shellScript = "diff \"${PODS_PODFILE_DIR_PATH}/Podfile.lock\" \"${PODS_ROOT}/Manifest.lock\" > /dev/null\nif [ $? != 0 ] ; then\n    # print error to STDERR\n    echo \"error: The sandbox is not in sync with the Podfile.lock. Run 'pod install' or update your CocoaPods installation.\" >&2\n    exit 1\nfi\n# This output is used by Xcode 'outputs' to avoid re-running this script phase.\necho \"SUCCESS\" > \"${SCRIPT_OUTPUT_FILE_0}\"\n";
			showEnvVarsInLog = 0;
		};
/* End PBXShellScriptBuildPhase section */

/* Begin PBXSourcesBuildPhase section */
		1BDA8EA419479FFC006718B5 /* Sources */ = {
			isa = PBXSourcesBuildPhase;
			buildActionMask = 2147483647;
			files = (
				E532A67024B2D857003B5DA7 /* DEStoreKitManager.m in Sources */,
				1B0583B7194E3BE5000D43C2 /* TTHRMainScrollView.m in Sources */,
				0217A83D21177416002B2B89 /* TTHRMainViewController.m in Sources */,
				1B75F202195F17C700AFAFC4 /* TTHRHintView.m in Sources */,
				1BDA8EBC19479FFC006718B5 /* TTHRAppDelegate.m in Sources */,
				1B3E9BBA195BC38E000D144E /* TTHRAnimatedView.m in Sources */,
				1BF2FB9E1989F42C002DD49A /* ZHHBarChartView.m in Sources */,
				1B75F212195FA3D000AFAFC4 /* TTHRUser.m in Sources */,
				1B75F205195F807900AFAFC4 /* TTHRHeartIndicatorView.m in Sources */,
				0217A84921177477002B2B89 /* main.m in Sources */,
				1B1A376D194BFD6E00C9F9EC /* TTHRTapButton.m in Sources */,
			);
			runOnlyForDeploymentPostprocessing = 0;
		};
		1BDA8EBF19479FFC006718B5 /* Sources */ = {
			isa = PBXSourcesBuildPhase;
			buildActionMask = 2147483647;
			files = (
				1BDA8ED119479FFC006718B5 /* Taptap_Heart_RateTests.m in Sources */,
			);
			runOnlyForDeploymentPostprocessing = 0;
		};
/* End PBXSourcesBuildPhase section */

/* Begin PBXTargetDependency section */
		1BDA8EC919479FFC006718B5 /* PBXTargetDependency */ = {
			isa = PBXTargetDependency;
			target = 1BDA8EA719479FFC006718B5 /* Taptap Heart Rate */;
			targetProxy = 1BDA8EC819479FFC006718B5 /* PBXContainerItemProxy */;
		};
/* End PBXTargetDependency section */

/* Begin XCBuildConfiguration section */
		1BDA8ED219479FFC006718B5 /* Debug */ = {
			isa = XCBuildConfiguration;
			buildSettings = {
				ALWAYS_SEARCH_USER_PATHS = NO;
				CLANG_CXX_LANGUAGE_STANDARD = "gnu++0x";
				CLANG_CXX_LIBRARY = "libc++";
				CLANG_ENABLE_MODULES = YES;
				CLANG_ENABLE_OBJC_ARC = YES;
				CLANG_WARN_BLOCK_CAPTURE_AUTORELEASING = YES;
				CLANG_WARN_BOOL_CONVERSION = YES;
				CLANG_WARN_COMMA = YES;
				CLANG_WARN_CONSTANT_CONVERSION = YES;
				CLANG_WARN_DEPRECATED_OBJC_IMPLEMENTATIONS = YES;
				CLANG_WARN_DIRECT_OBJC_ISA_USAGE = YES_ERROR;
				CLANG_WARN_EMPTY_BODY = YES;
				CLANG_WARN_ENUM_CONVERSION = YES;
				CLANG_WARN_INFINITE_RECURSION = YES;
				CLANG_WARN_INT_CONVERSION = YES;
				CLANG_WARN_NON_LITERAL_NULL_CONVERSION = YES;
				CLANG_WARN_OBJC_IMPLICIT_RETAIN_SELF = YES;
				CLANG_WARN_OBJC_LITERAL_CONVERSION = YES;
				CLANG_WARN_OBJC_ROOT_CLASS = YES_ERROR;
				CLANG_WARN_RANGE_LOOP_ANALYSIS = YES;
				CLANG_WARN_STRICT_PROTOTYPES = YES;
				CLANG_WARN_SUSPICIOUS_MOVE = YES;
				CLANG_WARN_UNREACHABLE_CODE = YES;
				CLANG_WARN__DUPLICATE_METHOD_MATCH = YES;
				"CODE_SIGN_IDENTITY[sdk=iphoneos*]" = "iPhone Developer";
				COPY_PHASE_STRIP = NO;
				ENABLE_STRICT_OBJC_MSGSEND = YES;
				ENABLE_TESTABILITY = YES;
				GCC_C_LANGUAGE_STANDARD = gnu99;
				GCC_DYNAMIC_NO_PIC = NO;
				GCC_NO_COMMON_BLOCKS = YES;
				GCC_OPTIMIZATION_LEVEL = 0;
				GCC_PREPROCESSOR_DEFINITIONS = (
					"DEBUG=1",
					"$(inherited)",
				);
				GCC_SYMBOLS_PRIVATE_EXTERN = NO;
				GCC_WARN_64_TO_32_BIT_CONVERSION = YES;
				GCC_WARN_ABOUT_RETURN_TYPE = YES_ERROR;
				GCC_WARN_UNDECLARED_SELECTOR = YES;
				GCC_WARN_UNINITIALIZED_AUTOS = YES_AGGRESSIVE;
				GCC_WARN_UNUSED_FUNCTION = YES;
				GCC_WARN_UNUSED_VARIABLE = YES;
				IPHONEOS_DEPLOYMENT_TARGET = 8.0;
				ONLY_ACTIVE_ARCH = YES;
				PROVISIONING_PROFILE = "f7fb67c6-dfac-42ac-aa1c-bd5b07b5e2e3";
				SDKROOT = iphoneos;
			};
			name = Debug;
		};
		1BDA8ED319479FFC006718B5 /* Release */ = {
			isa = XCBuildConfiguration;
			buildSettings = {
				ALWAYS_SEARCH_USER_PATHS = NO;
				CLANG_CXX_LANGUAGE_STANDARD = "gnu++0x";
				CLANG_CXX_LIBRARY = "libc++";
				CLANG_ENABLE_MODULES = YES;
				CLANG_ENABLE_OBJC_ARC = YES;
				CLANG_WARN_BLOCK_CAPTURE_AUTORELEASING = YES;
				CLANG_WARN_BOOL_CONVERSION = YES;
				CLANG_WARN_COMMA = YES;
				CLANG_WARN_CONSTANT_CONVERSION = YES;
				CLANG_WARN_DEPRECATED_OBJC_IMPLEMENTATIONS = YES;
				CLANG_WARN_DIRECT_OBJC_ISA_USAGE = YES_ERROR;
				CLANG_WARN_EMPTY_BODY = YES;
				CLANG_WARN_ENUM_CONVERSION = YES;
				CLANG_WARN_INFINITE_RECURSION = YES;
				CLANG_WARN_INT_CONVERSION = YES;
				CLANG_WARN_NON_LITERAL_NULL_CONVERSION = YES;
				CLANG_WARN_OBJC_IMPLICIT_RETAIN_SELF = YES;
				CLANG_WARN_OBJC_LITERAL_CONVERSION = YES;
				CLANG_WARN_OBJC_ROOT_CLASS = YES_ERROR;
				CLANG_WARN_RANGE_LOOP_ANALYSIS = YES;
				CLANG_WARN_STRICT_PROTOTYPES = YES;
				CLANG_WARN_SUSPICIOUS_MOVE = YES;
				CLANG_WARN_UNREACHABLE_CODE = YES;
				CLANG_WARN__DUPLICATE_METHOD_MATCH = YES;
				"CODE_SIGN_IDENTITY[sdk=iphoneos*]" = "iPhone Developer";
				COPY_PHASE_STRIP = YES;
				ENABLE_NS_ASSERTIONS = NO;
				ENABLE_STRICT_OBJC_MSGSEND = YES;
				GCC_C_LANGUAGE_STANDARD = gnu99;
				GCC_NO_COMMON_BLOCKS = YES;
				GCC_WARN_64_TO_32_BIT_CONVERSION = YES;
				GCC_WARN_ABOUT_RETURN_TYPE = YES_ERROR;
				GCC_WARN_UNDECLARED_SELECTOR = YES;
				GCC_WARN_UNINITIALIZED_AUTOS = YES_AGGRESSIVE;
				GCC_WARN_UNUSED_FUNCTION = YES;
				GCC_WARN_UNUSED_VARIABLE = YES;
				IPHONEOS_DEPLOYMENT_TARGET = 8.0;
				PROVISIONING_PROFILE = "9f73a720-d32c-4863-9d08-a37ecd757521";
				SDKROOT = iphoneos;
				VALIDATE_PRODUCT = YES;
			};
			name = Release;
		};
		1BDA8ED519479FFC006718B5 /* Debug */ = {
			isa = XCBuildConfiguration;
			baseConfigurationReference = 157ED95B46E8220DFCA3E27F /* Pods-Taptap Heart Rate.debug.xcconfig */;
			buildSettings = {
				ASSETCATALOG_COMPILER_APPICON_NAME = AppIcon;
				CODE_SIGN_IDENTITY = "iPhone Developer";
				"CODE_SIGN_IDENTITY[sdk=iphoneos*]" = "iPhone Developer";
				CURRENT_PROJECT_VERSION = 10;
				DEVELOPMENT_TEAM = UYW9ZSKZAQ;
				FRAMEWORK_SEARCH_PATHS = "$(inherited)";
				GCC_PRECOMPILE_PREFIX_HEADER = YES;
				GCC_PREFIX_HEADER = "Taptap Heart Rate/Supporting Files/Taptap Heart Rate-Prefix.pch";
				INFOPLIST_FILE = "Taptap Heart Rate/Supporting Files/Info.plist";
				LIBRARY_SEARCH_PATHS = "$(inherited)";
				MARKETING_VERSION = 1.4;
				PRODUCT_BUNDLE_IDENTIFIER = "com.honghao.$(PRODUCT_NAME:rfc1034identifier)";
				PRODUCT_NAME = "$(TARGET_NAME)";
				PROVISIONING_PROFILE = "";
				TARGETED_DEVICE_FAMILY = 1;
				WRAPPER_EXTENSION = app;
			};
			name = Debug;
		};
		1BDA8ED619479FFC006718B5 /* Release */ = {
			isa = XCBuildConfiguration;
			baseConfigurationReference = E687F014DC64432A2E77B977 /* Pods-Taptap Heart Rate.release.xcconfig */;
			buildSettings = {
				ASSETCATALOG_COMPILER_APPICON_NAME = AppIcon;
				CODE_SIGN_IDENTITY = "iPhone Developer";
				"CODE_SIGN_IDENTITY[sdk=iphoneos*]" = "iPhone Developer";
				CURRENT_PROJECT_VERSION = 10;
				DEVELOPMENT_TEAM = UYW9ZSKZAQ;
				FRAMEWORK_SEARCH_PATHS = "$(inherited)";
				GCC_PRECOMPILE_PREFIX_HEADER = YES;
				GCC_PREFIX_HEADER = "Taptap Heart Rate/Supporting Files/Taptap Heart Rate-Prefix.pch";
				INFOPLIST_FILE = "Taptap Heart Rate/Supporting Files/Info.plist";
				LIBRARY_SEARCH_PATHS = "$(inherited)";
				MARKETING_VERSION = 1.4;
				PRODUCT_BUNDLE_IDENTIFIER = "com.honghao.$(PRODUCT_NAME:rfc1034identifier)";
				PRODUCT_NAME = "$(TARGET_NAME)";
				PROVISIONING_PROFILE = "";
				TARGETED_DEVICE_FAMILY = 1;
				WRAPPER_EXTENSION = app;
			};
			name = Release;
		};
		1BDA8ED819479FFC006718B5 /* Debug */ = {
			isa = XCBuildConfiguration;
			buildSettings = {
				BUNDLE_LOADER = "$(BUILT_PRODUCTS_DIR)/Taptap Heart Rate.app/Taptap Heart Rate";
				CODE_SIGN_IDENTITY = "iPhone Developer";
				"CODE_SIGN_IDENTITY[sdk=iphoneos*]" = "iPhone Developer";
				FRAMEWORK_SEARCH_PATHS = (
					"$(SDKROOT)/Developer/Library/Frameworks",
					"$(inherited)",
					"$(DEVELOPER_FRAMEWORKS_DIR)",
				);
				GCC_PRECOMPILE_PREFIX_HEADER = YES;
				GCC_PREFIX_HEADER = "Taptap Heart Rate/Taptap Heart Rate-Prefix.pch";
				GCC_PREPROCESSOR_DEFINITIONS = (
					"DEBUG=1",
					"$(inherited)",
				);
				INFOPLIST_FILE = "Taptap Heart RateTests/Taptap Heart RateTests-Info.plist";
				PRODUCT_BUNDLE_IDENTIFIER = "com.honghao.${PRODUCT_NAME:rfc1034identifier}";
				PRODUCT_NAME = "$(TARGET_NAME)";
				PROVISIONING_PROFILE = "";
				TEST_HOST = "$(BUNDLE_LOADER)";
				WRAPPER_EXTENSION = xctest;
			};
			name = Debug;
		};
		1BDA8ED919479FFC006718B5 /* Release */ = {
			isa = XCBuildConfiguration;
			buildSettings = {
				BUNDLE_LOADER = "$(BUILT_PRODUCTS_DIR)/Taptap Heart Rate.app/Taptap Heart Rate";
				CODE_SIGN_IDENTITY = "iPhone Developer";
				"CODE_SIGN_IDENTITY[sdk=iphoneos*]" = "iPhone Developer";
				FRAMEWORK_SEARCH_PATHS = (
					"$(SDKROOT)/Developer/Library/Frameworks",
					"$(inherited)",
					"$(DEVELOPER_FRAMEWORKS_DIR)",
				);
				GCC_PRECOMPILE_PREFIX_HEADER = YES;
				GCC_PREFIX_HEADER = "Taptap Heart Rate/Taptap Heart Rate-Prefix.pch";
				INFOPLIST_FILE = "Taptap Heart RateTests/Taptap Heart RateTests-Info.plist";
				PRODUCT_BUNDLE_IDENTIFIER = "com.honghao.${PRODUCT_NAME:rfc1034identifier}";
				PRODUCT_NAME = "$(TARGET_NAME)";
				PROVISIONING_PROFILE = "";
				TEST_HOST = "$(BUNDLE_LOADER)";
				WRAPPER_EXTENSION = xctest;
			};
			name = Release;
		};
/* End XCBuildConfiguration section */

/* Begin XCConfigurationList section */
		1BDA8EA319479FFC006718B5 /* Build configuration list for PBXProject "Taptap Heart Rate" */ = {
			isa = XCConfigurationList;
			buildConfigurations = (
				1BDA8ED219479FFC006718B5 /* Debug */,
				1BDA8ED319479FFC006718B5 /* Release */,
			);
			defaultConfigurationIsVisible = 0;
			defaultConfigurationName = Release;
		};
		1BDA8ED419479FFC006718B5 /* Build configuration list for PBXNativeTarget "Taptap Heart Rate" */ = {
			isa = XCConfigurationList;
			buildConfigurations = (
				1BDA8ED519479FFC006718B5 /* Debug */,
				1BDA8ED619479FFC006718B5 /* Release */,
			);
			defaultConfigurationIsVisible = 0;
			defaultConfigurationName = Release;
		};
		1BDA8ED719479FFC006718B5 /* Build configuration list for PBXNativeTarget "Taptap Heart RateTests" */ = {
			isa = XCConfigurationList;
			buildConfigurations = (
				1BDA8ED819479FFC006718B5 /* Debug */,
				1BDA8ED919479FFC006718B5 /* Release */,
			);
			defaultConfigurationIsVisible = 0;
			defaultConfigurationName = Release;
		};
/* End XCConfigurationList section */
	};
	rootObject = 1BDA8EA019479FFC006718B5 /* Project object */;
}
